{
    "_readme": [
        "This file locks the dependencies of your project to a known state",
        "Read more about it at https://getcomposer.org/doc/01-basic-usage.md#installing-dependencies",
        "This file is @generated automatically"
    ],
    "content-hash": "7cf5f38a9e73f2df13e8dc29cb2b09a9",
    "packages": [
        {
            "name": "paragonie/constant_time_encoding",
            "version": "v2.5.0",
            "source": {
                "type": "git",
                "url": "https://github.com/paragonie/constant_time_encoding.git",
                "reference": "9229e15f2e6ba772f0c55dd6986c563b937170a8"
            },
            "dist": {
                "type": "zip",
                "url": "https://api.github.com/repos/paragonie/constant_time_encoding/zipball/9229e15f2e6ba772f0c55dd6986c563b937170a8",
                "reference": "9229e15f2e6ba772f0c55dd6986c563b937170a8",
                "shasum": ""
            },
            "require": {
                "php": "^7|^8"
            },
            "require-dev": {
                "phpunit/phpunit": "^6|^7|^8|^9",
                "vimeo/psalm": "^1|^2|^3|^4"
            },
            "type": "library",
            "autoload": {
                "psr-4": {
                    "ParagonIE\\ConstantTime\\": "src/"
                }
            },
            "notification-url": "https://packagist.org/downloads/",
            "license": [
                "MIT"
            ],
            "authors": [
                {
                    "name": "Paragon Initiative Enterprises",
                    "email": "security@paragonie.com",
                    "homepage": "https://paragonie.com",
                    "role": "Maintainer"
                },
                {
                    "name": "Steve 'Sc00bz' Thomas",
                    "email": "steve@tobtu.com",
                    "homepage": "https://www.tobtu.com",
                    "role": "Original Developer"
                }
            ],
            "description": "Constant-time Implementations of RFC 4648 Encoding (Base-64, Base-32, Base-16)",
            "keywords": [
                "base16",
                "base32",
                "base32_decode",
                "base32_encode",
                "base64",
                "base64_decode",
                "base64_encode",
                "bin2hex",
                "encoding",
                "hex",
                "hex2bin",
                "rfc4648"
            ],
            "support": {
                "email": "info@paragonie.com",
                "issues": "https://github.com/paragonie/constant_time_encoding/issues",
                "source": "https://github.com/paragonie/constant_time_encoding"
            },
            "time": "2022-01-17T05:32:27+00:00"
        },
        {
            "name": "paragonie/random_compat",
            "version": "v9.99.100",
            "source": {
                "type": "git",
                "url": "https://github.com/paragonie/random_compat.git",
                "reference": "996434e5492cb4c3edcb9168db6fbb1359ef965a"
            },
            "dist": {
                "type": "zip",
                "url": "https://api.github.com/repos/paragonie/random_compat/zipball/996434e5492cb4c3edcb9168db6fbb1359ef965a",
                "reference": "996434e5492cb4c3edcb9168db6fbb1359ef965a",
                "shasum": ""
            },
            "require": {
                "php": ">= 7"
            },
            "require-dev": {
                "phpunit/phpunit": "4.*|5.*",
                "vimeo/psalm": "^1"
            },
            "suggest": {
                "ext-libsodium": "Provides a modern crypto API that can be used to generate random bytes."
            },
            "type": "library",
            "notification-url": "https://packagist.org/downloads/",
            "license": [
                "MIT"
            ],
            "authors": [
                {
                    "name": "Paragon Initiative Enterprises",
                    "email": "security@paragonie.com",
                    "homepage": "https://paragonie.com"
                }
            ],
            "description": "PHP 5.x polyfill for random_bytes() and random_int() from PHP 7",
            "keywords": [
                "csprng",
                "polyfill",
                "pseudorandom",
                "random"
            ],
            "support": {
                "email": "info@paragonie.com",
                "issues": "https://github.com/paragonie/random_compat/issues",
                "source": "https://github.com/paragonie/random_compat"
            },
            "time": "2020-10-15T08:29:30+00:00"
        },
        {
            "name": "phpseclib/phpseclib",
            "version": "3.0.13",
            "source": {
                "type": "git",
                "url": "https://github.com/phpseclib/phpseclib.git",
                "reference": "1443ab79364eea48665fa8c09ac67f37d1025f7e"
            },
            "dist": {
                "type": "zip",
                "url": "https://api.github.com/repos/phpseclib/phpseclib/zipball/1443ab79364eea48665fa8c09ac67f37d1025f7e",
                "reference": "1443ab79364eea48665fa8c09ac67f37d1025f7e",
                "shasum": ""
            },
            "require": {
                "paragonie/constant_time_encoding": "^1|^2",
                "paragonie/random_compat": "^1.4|^2.0|^9.99.99",
                "php": ">=5.6.1"
            },
            "require-dev": {
                "phing/phing": "~2.7",
                "phpunit/phpunit": "^5.7|^6.0|^9.4",
                "squizlabs/php_codesniffer": "~2.0"
            },
            "suggest": {
                "ext-gmp": "Install the GMP (GNU Multiple Precision) extension in order to speed up arbitrary precision integer arithmetic operations.",
                "ext-libsodium": "SSH2/SFTP can make use of some algorithms provided by the libsodium-php extension.",
                "ext-mcrypt": "Install the Mcrypt extension in order to speed up a few other cryptographic operations.",
                "ext-openssl": "Install the OpenSSL extension in order to speed up a wide variety of cryptographic operations."
            },
            "type": "library",
            "autoload": {
                "files": [
                    "phpseclib/bootstrap.php"
                ],
                "psr-4": {
                    "phpseclib3\\": "phpseclib/"
                }
            },
            "notification-url": "https://packagist.org/downloads/",
            "license": [
                "MIT"
            ],
            "authors": [
                {
                    "name": "Jim Wigginton",
                    "email": "terrafrost@php.net",
                    "role": "Lead Developer"
                },
                {
                    "name": "Patrick Monnerat",
                    "email": "pm@datasphere.ch",
                    "role": "Developer"
                },
                {
                    "name": "Andreas Fischer",
                    "email": "bantu@phpbb.com",
                    "role": "Developer"
                },
                {
                    "name": "Hans-Jürgen Petrich",
                    "email": "petrich@tronic-media.com",
                    "role": "Developer"
                },
                {
                    "name": "Graham Campbell",
                    "email": "graham@alt-three.com",
                    "role": "Developer"
                }
            ],
            "description": "PHP Secure Communications Library - Pure-PHP implementations of RSA, AES, SSH2, SFTP, X.509 etc.",
            "homepage": "http://phpseclib.sourceforge.net",
            "keywords": [
                "BigInteger",
                "aes",
                "asn.1",
                "asn1",
                "blowfish",
                "crypto",
                "cryptography",
                "encryption",
                "rsa",
                "security",
                "sftp",
                "signature",
                "signing",
                "ssh",
                "twofish",
                "x.509",
                "x509"
            ],
            "support": {
                "issues": "https://github.com/phpseclib/phpseclib/issues",
                "source": "https://github.com/phpseclib/phpseclib/tree/3.0.13"
            },
            "funding": [
                {
                    "url": "https://github.com/terrafrost",
                    "type": "github"
                },
                {
                    "url": "https://www.patreon.com/phpseclib",
                    "type": "patreon"
                },
                {
                    "url": "https://tidelift.com/funding/github/packagist/phpseclib/phpseclib",
                    "type": "tidelift"
                }
            ],
            "time": "2022-01-30T08:50:05+00:00"
        },
        {
            "name": "sop/aes-kw",
            "version": "3.0.0",
            "source": {
                "type": "git",
                "url": "https://github.com/sop/aes-kw.git",
                "reference": "1a7e6a19216a4ca58d01c0b0f36a543b4439e5c6"
            },
            "dist": {
                "type": "zip",
                "url": "https://api.github.com/repos/sop/aes-kw/zipball/1a7e6a19216a4ca58d01c0b0f36a543b4439e5c6",
                "reference": "1a7e6a19216a4ca58d01c0b0f36a543b4439e5c6",
                "shasum": ""
            },
            "require": {
                "ext-hash": "*",
                "ext-openssl": "*",
                "php": ">=7.2"
            },
            "require-dev": {
                "phpunit/phpunit": "^8.1"
            },
            "type": "library",
            "autoload": {
                "psr-4": {
                    "Sop\\AESKW\\": "lib/AESKW/"
                }
            },
            "notification-url": "https://packagist.org/downloads/",
            "license": [
                "MIT"
            ],
            "authors": [
                {
                    "name": "Joni Eskelinen",
                    "email": "jonieske@gmail.com",
                    "role": "Developer"
                }
            ],
            "description": "A PHP library for AES Key Wrap algorithm with padding support.",
            "homepage": "https://github.com/sop/aes-kw",
            "keywords": [
                "aes",
                "aes key wrap",
                "key wrap"
            ],
            "support": {
                "issues": "https://github.com/sop/aes-kw/issues",
                "source": "https://github.com/sop/aes-kw/tree/master"
            },
            "time": "2019-05-23T10:25:06+00:00"
        },
        {
            "name": "sop/asn1",
            "version": "4.1.1",
            "source": {
                "type": "git",
                "url": "https://github.com/sop/asn1.git",
                "reference": "074efe8f7c353c54edc809ac3d74efda83edd776"
            },
            "dist": {
                "type": "zip",
                "url": "https://api.github.com/repos/sop/asn1/zipball/074efe8f7c353c54edc809ac3d74efda83edd776",
                "reference": "074efe8f7c353c54edc809ac3d74efda83edd776",
                "shasum": ""
            },
            "require": {
                "ext-gmp": "*",
                "ext-mbstring": "*",
                "php": ">=7.2"
            },
            "require-dev": {
                "phpunit/phpunit": "^8.1"
            },
            "type": "library",
            "autoload": {
                "psr-4": {
                    "Sop\\ASN1\\": "lib/ASN1/"
                }
            },
            "notification-url": "https://packagist.org/downloads/",
            "license": [
                "MIT"
            ],
            "authors": [
                {
                    "name": "Joni Eskelinen",
                    "email": "jonieske@gmail.com",
                    "role": "Developer"
                }
            ],
            "description": "A PHP library for X.690 ASN.1 DER encoding and decoding.",
            "homepage": "https://github.com/sop/asn1",
            "keywords": [
                "DER",
                "asn.1",
                "asn1",
                "x.690",
                "x690"
            ],
            "support": {
                "issues": "https://github.com/sop/asn1/issues",
                "source": "https://github.com/sop/asn1/tree/4.1.1"
            },
            "time": "2022-02-17T07:08:51+00:00"
        },
        {
            "name": "sop/crypto-encoding",
            "version": "0.3.0",
            "source": {
                "type": "git",
                "url": "https://github.com/sop/crypto-encoding.git",
                "reference": "07537353e1b0e76c382a58a9c6e041b7c7dc9052"
            },
            "dist": {
                "type": "zip",
                "url": "https://api.github.com/repos/sop/crypto-encoding/zipball/07537353e1b0e76c382a58a9c6e041b7c7dc9052",
                "reference": "07537353e1b0e76c382a58a9c6e041b7c7dc9052",
                "shasum": ""
            },
            "require": {
                "php": ">=7.2"
            },
            "require-dev": {
                "phpunit/phpunit": "^8.1"
            },
            "type": "library",
            "autoload": {
                "psr-4": {
                    "Sop\\CryptoEncoding\\": "lib/CryptoEncoding/"
                }
            },
            "notification-url": "https://packagist.org/downloads/",
            "license": [
                "MIT"
            ],
            "authors": [
                {
                    "name": "Joni Eskelinen",
                    "email": "jonieske@gmail.com",
                    "role": "Developer"
                }
            ],
            "description": "A PHP implementation of textual encodings of cryptographic structures.",
            "homepage": "https://github.com/sop/crypto-encoding",
            "keywords": [
                "Private Key",
                "certificate",
                "pem",
                "public key"
            ],
            "support": {
                "issues": "https://github.com/sop/crypto-encoding/issues",
                "source": "https://github.com/sop/crypto-encoding/tree/master"
            },
            "time": "2019-05-22T11:46:12+00:00"
        },
        {
            "name": "sop/crypto-types",
            "version": "0.3.0",
            "source": {
                "type": "git",
                "url": "https://github.com/sop/crypto-types.git",
                "reference": "9da5b0a6e9e308ae0f75745dc41b6d24bd4136f8"
            },
            "dist": {
                "type": "zip",
                "url": "https://api.github.com/repos/sop/crypto-types/zipball/9da5b0a6e9e308ae0f75745dc41b6d24bd4136f8",
                "reference": "9da5b0a6e9e308ae0f75745dc41b6d24bd4136f8",
                "shasum": ""
            },
            "require": {
                "ext-gmp": "*",
                "php": ">=7.2",
                "sop/asn1": "^4.0.0",
                "sop/crypto-encoding": "^0.3.0"
            },
            "require-dev": {
                "phpunit/phpunit": "^8.1"
            },
            "type": "library",
            "autoload": {
                "psr-4": {
                    "Sop\\CryptoTypes\\": "lib/CryptoTypes/"
                }
            },
            "notification-url": "https://packagist.org/downloads/",
            "license": [
                "MIT"
            ],
            "authors": [
                {
                    "name": "Joni Eskelinen",
                    "email": "jonieske@gmail.com",
                    "role": "Developer"
                }
            ],
            "description": "A PHP library of various ASN.1 types for cryptographic applications.",
            "homepage": "https://github.com/sop/crypto-types",
            "keywords": [
                "Private Key",
                "algorithm identifier",
                "asn1",
                "cryptography",
                "ec",
                "public key",
                "rsa",
                "signature"
            ],
            "support": {
                "issues": "https://github.com/sop/crypto-types/issues",
                "source": "https://github.com/sop/crypto-types/tree/master"
            },
            "time": "2019-05-22T12:33:51+00:00"
        },
        {
            "name": "sop/gcm",
            "version": "3.0.0",
            "source": {
                "type": "git",
                "url": "https://github.com/sop/gcm.git",
                "reference": "dc42ca748431e7acc454657cbab14cbbd48bb10d"
            },
            "dist": {
                "type": "zip",
                "url": "https://api.github.com/repos/sop/gcm/zipball/dc42ca748431e7acc454657cbab14cbbd48bb10d",
                "reference": "dc42ca748431e7acc454657cbab14cbbd48bb10d",
                "shasum": ""
            },
            "require": {
                "ext-gmp": "*",
                "ext-hash": "*",
                "ext-openssl": "*",
                "php": ">=7.2"
            },
            "require-dev": {
                "phpunit/phpunit": "^8.1"
            },
            "type": "library",
            "autoload": {
                "psr-4": {
                    "Sop\\GCM\\": "lib/GCM/"
                }
            },
            "notification-url": "https://packagist.org/downloads/",
            "license": [
                "MIT"
            ],
            "authors": [
                {
                    "name": "Joni Eskelinen",
                    "email": "jonieske@gmail.com",
                    "role": "Developer"
                }
            ],
            "description": "A PHP library for Galois/Counter Mode encryption with AES.",
            "homepage": "https://github.com/sop/gcm",
            "keywords": [
                "AES-GCM",
                "Galois Counter Mode",
                "aes",
                "decrypt",
                "encrypt",
                "galois",
                "gcm"
            ],
            "support": {
                "issues": "https://github.com/sop/gcm/issues",
                "source": "https://github.com/sop/gcm/tree/3.0.0"
            },
            "time": "2019-05-23T10:37:33+00:00"
        },
        {
            "name": "sop/jwx",
            "version": "0.11.1",
            "source": {
                "type": "git",
                "url": "https://github.com/sop/jwx.git",
                "reference": "6b69a8c479a50b925a2abbb6c6c063fd7eab22e7"
            },
            "dist": {
                "type": "zip",
                "url": "https://api.github.com/repos/sop/jwx/zipball/6b69a8c479a50b925a2abbb6c6c063fd7eab22e7",
                "reference": "6b69a8c479a50b925a2abbb6c6c063fd7eab22e7",
                "shasum": ""
            },
            "require": {
                "ext-hash": "*",
                "ext-openssl": "*",
                "php": ">=7.2",
                "sop/aes-kw": "^3.0.0",
                "sop/crypto-encoding": "^0.3.0",
                "sop/crypto-types": "^0.3.0",
                "sop/gcm": "^3.0.0"
            },
            "require-dev": {
                "ietf-jose/cookbook": "*",
                "phpunit/phpunit": "^8.1"
            },
            "type": "library",
            "autoload": {
                "psr-4": {
                    "Sop\\JWX\\": "lib/JWX/"
                }
            },
            "notification-url": "https://packagist.org/downloads/",
            "license": [
                "MIT"
            ],
            "authors": [
                {
                    "name": "Joni Eskelinen",
                    "email": "jonieske@gmail.com",
                    "role": "Developer"
                }
            ],
            "description": "A PHP library for JSON web tokens (JWT) with signature (JWS) and encryption (JWE) support.",
            "homepage": "https://github.com/sop/jwx",
            "keywords": [
                "JOSE",
                "JSON Web Encryption",
                "JSON Web Signature",
                "JSON Web Token",
                "JWE",
                "JWK",
                "JWS",
                "json",
                "json web key",
                "jwt",
                "token"
            ],
            "support": {
                "issues": "https://github.com/sop/jwx/issues",
                "source": "https://github.com/sop/jwx/tree/0.11.1"
            },
            "time": "2021-09-27T06:57:39+00:00"
        }
    ],
    "packages-dev": [],
    "aliases": [],
    "minimum-stability": "stable",
    "stability-flags": [],
    "prefer-stable": false,
    "prefer-lowest": false,
    "platform": [],
    "platform-dev": [],
    "plugin-api-version": "2.2.0"
}
